// !$*UTF8*$!
{
	archiveVersion = 1;
	classes = {
	};
	objectVersion = 46;
	objects = {

/* Begin PBXBuildFile section */
		F43646EF18F5A3A60001FC40 /* CoreFoundation.framework in Frameworks */ = {isa = PBXBuildFile; fileRef = F43646EE18F5A3A60001FC40 /* CoreFoundation.framework */; };
		F43646FB18F5A3E00001FC40 /* Cocoa.framework in Frameworks */ = {isa = PBXBuildFile; fileRef = F43646FA18F5A3E00001FC40 /* Cocoa.framework */; };
		F43646FF18F5A3F30001FC40 /* main.m in Sources */ = {isa = PBXBuildFile; fileRef = F43646FC18F5A3F30001FC40 /* main.m */; };
		F436470018F5A3F30001FC40 /* NSImage+Glowish.m in Sources */ = {isa = PBXBuildFile; fileRef = F43646FE18F5A3F30001FC40 /* NSImage+Glowish.m */; };
/* End PBXBuildFile section */

/* Begin PBXCopyFilesBuildPhase section */
		F43646E918F5A3A60001FC40 /* CopyFiles */ = {
			isa = PBXCopyFilesBuildPhase;
			buildActionMask = 2147483647;
			dstPath = /usr/share/man/man1/;
			dstSubfolderSpec = 0;
			files = (
			);
			runOnlyForDeploymentPostprocessing = 1;
		};
/* End PBXCopyFilesBuildPhase section */

/* Begin PBXFileReference section */
		F43646EB18F5A3A60001FC40 /* Glowish */ = {isa = PBXFileReference; explicitFileType = "compiled.mach-o.executable"; includeInIndex = 0; path = Glowish; sourceTree = BUILT_PRODUCTS_DIR; };
		F43646EE18F5A3A60001FC40 /* CoreFoundation.framework */ = {isa = PBXFileReference; lastKnownFileType = wrapper.framework; name = CoreFoundation.framework; path = System/Library/Frameworks/CoreFoundation.framework; sourceTree = SDKROOT; };
		F43646FA18F5A3E00001FC40 /* Cocoa.framework */ = {isa = PBXFileReference; lastKnownFileType = wrapper.framework; name = Cocoa.framework; path = System/Library/Frameworks/Cocoa.framework; sourceTree = SDKROOT; };
		F43646FC18F5A3F30001FC40 /* main.m */ = {isa = PBXFileReference; fileEncoding = 4; lastKnownFileType = sourcecode.c.objc; path = main.m; sourceTree = "<group>"; };
		F43646FD18F5A3F30001FC40 /* NSImage+Glowish.h */ = {isa = PBXFileReference; fileEncoding = 4; lastKnownFileType = sourcecode.c.h; path = "NSImage+Glowish.h"; sourceTree = "<group>"; };
		F43646FE18F5A3F30001FC40 /* NSImage+Glowish.m */ = {isa = PBXFileReference; fileEncoding = 4; lastKnownFileType = sourcecode.c.objc; path = "NSImage+Glowish.m"; sourceTree = "<group>"; };
/* End PBXFileReference section */

/* Begin PBXFrameworksBuildPhase section */
		F43646E818F5A3A60001FC40 /* Frameworks */ = {
			isa = PBXFrameworksBuildPhase;
			buildActionMask = 2147483647;
			files = (
				F43646FB18F5A3E00001FC40 /* Cocoa.framework in Frameworks */,
				F43646EF18F5A3A60001FC40 /* CoreFoundation.framework in Frameworks */,
			);
			runOnlyForDeploymentPostprocessing = 0;
		};
/* End PBXFrameworksBuildPhase section */

/* Begin PBXGroup section */
		F43646E218F5A3A60001FC40 = {
			isa = PBXGroup;
			children = (
				F43646F018F5A3A60001FC40 /* Glowish */,
				F43646ED18F5A3A60001FC40 /* Frameworks */,
				F43646EC18F5A3A60001FC40 /* Products */,
			);
			sourceTree = "<group>";
		};
		F43646EC18F5A3A60001FC40 /* Products */ = {
			isa = PBXGroup;
			children = (
				F43646EB18F5A3A60001FC40 /* Glowish */,
			);
			name = Products;
			sourceTree = "<group>";
		};
		F43646ED18F5A3A60001FC40 /* Frameworks */ = {
			isa = PBXGroup;
			children = (
				F43646FA18F5A3E00001FC40 /* Cocoa.framework */,
				F43646EE18F5A3A60001FC40 /* CoreFoundation.framework */,
			);
			name = Frameworks;
			sourceTree = "<group>";
		};
		F43646F018F5A3A60001FC40 /* Glowish */ = {
			isa = PBXGroup;
			children = (
				F43646FC18F5A3F30001FC40 /* main.m */,
				F43646FD18F5A3F30001FC40 /* NSImage+Glowish.h */,
				F43646FE18F5A3F30001FC40 /* NSImage+Glowish.m */,
			);
			path = Glowish;
			sourceTree = "<group>";
		};
/* End PBXGroup section */

/* Begin PBXNativeTarget section */
		F43646EA18F5A3A60001FC40 /* Glowish */ = {
			isa = PBXNativeTarget;
			buildConfigurationList = F43646F718F5A3A60001FC40 /* Build configuration list for PBXNativeTarget "Glowish" */;
			buildPhases = (
				F43646E718F5A3A60001FC40 /* Sources */,
				F43646E818F5A3A60001FC40 /* Frameworks */,
				F43646E918F5A3A60001FC40 /* CopyFiles */,
			);
			buildRules = (
			);
			dependencies = (
			);
			name = Glowish;
			productName = Glowish;
			productReference = F43646EB18F5A3A60001FC40 /* Glowish */;
			productType = "com.apple.product-type.tool";
		};
/* End PBXNativeTarget section */

/* Begin PBXProject section */
		F43646E318F5A3A60001FC40 /* Project object */ = {
			isa = PBXProject;
			attributes = {
				LastUpgradeCheck = 0510;
				ORGANIZATIONNAME = Aniways;
			};
			buildConfigurationList = F43646E618F5A3A60001FC40 /* Build configuration list for PBXProject "Glowish" */;
			compatibilityVersion = "Xcode 3.2";
			developmentRegion = English;
			hasScannedForEncodings = 0;
			knownRegions = (
				en,
			);
			mainGroup = F43646E218F5A3A60001FC40;
			productRefGroup = F43646EC18F5A3A60001FC40 /* Products */;
			projectDirPath = "";
			projectRoot = "";
			targets = (
				F43646EA18F5A3A60001FC40 /* Glowish */,
			);
		};
/* End PBXProject section */

/* Begin PBXSourcesBuildPhase section */
		F43646E718F5A3A60001FC40 /* Sources */ = {
			isa = PBXSourcesBuildPhase;
			buildActionMask = 2147483647;
			files = (
				F436470018F5A3F30001FC40 /* NSImage+Glowish.m in Sources */,
				F43646FF18F5A3F30001FC40 /* main.m in Sources */,
			);
			runOnlyForDeploymentPostprocessing = 0;
		};
/* End PBXSourcesBuildPhase section */

/* Begin XCBuildConfiguration section */
		F43646F518F5A3A60001FC40 /* Debug */ = {
			isa = XCBuildConfiguration;
			buildSettings = {
				ALWAYS_SEARCH_USER_PATHS = NO;
				CLANG_CXX_LANGUAGE_STANDARD = "gnu++0x";
				CLANG_CXX_LIBRARY = "libc++";
				CLANG_ENABLE_MODULES = YES;
				CLANG_ENABLE_OBJC_ARC = YES;
				CLANG_WARN_BOOL_CONVERSION = YES;
				CLANG_WARN_CONSTANT_CONVERSION = YES;
				CLANG_WARN_DIRECT_OBJC_ISA_USAGE = YES_ERROR;
				CLANG_WARN_EMPTY_BODY = YES;
				CLANG_WARN_ENUM_CONVERSION = YES;
				CLANG_WARN_INT_CONVERSION = YES;
				CLANG_WARN_OBJC_ROOT_CLASS = YES_ERROR;
				CLANG_WARN__DUPLICATE_METHOD_MATCH = YES;
				COPY_PHASE_STRIP = NO;
				GCC_C_LANGUAGE_STANDARD = gnu99;
				GCC_DYNAMIC_NO_PIC = NO;
				GCC_ENABLE_OBJC_EXCEPTIONS = YES;
				GCC_OPTIMIZATION_LEVEL = 0;
				GCC_PREPROCESSOR_DEFINITIONS = (
					"DEBUG=1",
					"$(inherited)",
				);
				GCC_SYMBOLS_PRIVATE_EXTERN = NO;
				GCC_WARN_64_TO_32_BIT_CONVERSION = YES;
				GCC_WARN_ABOUT_RETURN_TYPE = YES_ERROR;
				GCC_WARN_UNDECLARED_SELECTOR = YES;
				GCC_WARN_UNINITIALIZED_AUTOS = YES_AGGRESSIVE;
				GCC_WARN_UNUSED_FUNCTION = YES;
				GCC_WARN_UNUSED_VARIABLE = YES;
				MACOSX_DEPLOYMENT_TARGET = 10.9;
				ONLY_ACTIVE_ARCH = YES;
				SDKROOT = macosx;
			};
			name = Debug;
		};
		F43646F618F5A3A60001FC40 /* Release */ = {
			isa = XCBuildConfiguration;
			buildSettings = {
				ALWAYS_SEARCH_USER_PATHS = NO;
				CLANG_CXX_LANGUAGE_STANDARD = "gnu++0x";
				CLANG_CXX_LIBRARY = "libc++";
				CLANG_ENABLE_MODULES = YES;
				CLANG_ENABLE_OBJC_ARC = YES;
				CLANG_WARN_BOOL_CONVERSION = YES;
				CLANG_WARN_CONSTANT_CONVERSION = YES;
				CLANG_WARN_DIRECT_OBJC_ISA_USAGE = YES_ERROR;
				CLANG_WARN_EMPTY_BODY = YES;
				CLANG_WARN_ENUM_CONVERSION = YES;
				CLANG_WARN_INT_CONVERSION = YES;
				CLANG_WARN_OBJC_ROOT_CLASS = YES_ERROR;
				CLANG_WARN__DUPLICATE_METHOD_MATCH = YES;
				COPY_PHASE_STRIP = YES;
				DEBUG_INFORMATION_FORMAT = "dwarf-with-dsym";
				ENABLE_NS_ASSERTIONS = NO;
				GCC_C_LANGUAGE_STANDARD = gnu99;
				GCC_ENABLE_OBJC_EXCEPTIONS = YES;
				GCC_WARN_64_TO_32_BIT_CONVERSION = YES;
				GCC_WARN_ABOUT_RETURN_TYPE = YES_ERROR;
				GCC_WARN_UNDECLARED_SELECTOR = YES;
				GCC_WARN_UNINITIALIZED_AUTOS = YES_AGGRESSIVE;
				GCC_WARN_UNUSED_FUNCTION = YES;
				GCC_WARN_UNUSED_VARIABLE = YES;
				MACOSX_DEPLOYMENT_TARGET = 10.9;
				SDKROOT = macosx;
			};
			name = Release;
		};
		F43646F818F5A3A60001FC40 /* Debug */ = {
			isa = XCBuildConfiguration;
			buildSettings = {
				PRODUCT_NAME = "$(TARGET_NAME)";
			};
			name = Debug;
		};
		F43646F918F5A3A60001FC40 /* Release */ = {
			isa = XCBuildConfiguration;
			buildSettings = {
				PRODUCT_NAME = "$(TARGET_NAME)";
			};
			name = Release;
		};
/* End XCBuildConfiguration section */

/* Begin XCConfigurationList section */
		F43646E618F5A3A60001FC40 /* Build configuration list for PBXProject "Glowish" */ = {
			isa = XCConfigurationList;
			buildConfigurations = (
				F43646F518F5A3A60001FC40 /* Debug */,
				F43646F618F5A3A60001FC40 /* Release */,
			);
			defaultConfigurationIsVisible = 0;
			defaultConfigurationName = Release;
		};
		F43646F718F5A3A60001FC40 /* Build configuration list for PBXNativeTarget "Glowish" */ = {
			isa = XCConfigurationList;
			buildConfigurations = (
				F43646F818F5A3A60001FC40 /* Debug */,
				F43646F918F5A3A60001FC40 /* Release */,
			);
			defaultConfigurationIsVisible = 0;
		};
/* End XCConfigurationList section */
	};
	rootObject = F43646E318F5A3A60001FC40 /* Project object */;
}
